// !$*UTF8*$!
{
	archiveVersion = 1;
	classes = {
	};
	objectVersion = 56;
	objects = {

/* Begin PBXBuildFile section */
		4E575ECC2AC1826100383AAD /* AppDelegate.swift in Sources */ = {isa = PBXBuildFile; fileRef = 4E575ECB2AC1826100383AAD /* AppDelegate.swift */; };
		4E575ECE2AC1826100383AAD /* SceneDelegate.swift in Sources */ = {isa = PBXBuildFile; fileRef = 4E575ECD2AC1826100383AAD /* SceneDelegate.swift */; };
		4E575ED62AC1826100383AAD /* Iweather.xcdatamodeld in Sources */ = {isa = PBXBuildFile; fileRef = 4E575ED42AC1826100383AAD /* Iweather.xcdatamodeld */; };
		4E575ED82AC1826200383AAD /* Assets.xcassets in Resources */ = {isa = PBXBuildFile; fileRef = 4E575ED72AC1826200383AAD /* Assets.xcassets */; };
		4E575EDB2AC1826200383AAD /* LaunchScreen.storyboard in Resources */ = {isa = PBXBuildFile; fileRef = 4E575ED92AC1826200383AAD /* LaunchScreen.storyboard */; };
		4E575EE62AC1826300383AAD /* IweatherTests.swift in Sources */ = {isa = PBXBuildFile; fileRef = 4E575EE52AC1826300383AAD /* IweatherTests.swift */; };
		4E575EF02AC1826300383AAD /* IweatherUITests.swift in Sources */ = {isa = PBXBuildFile; fileRef = 4E575EEF2AC1826300383AAD /* IweatherUITests.swift */; };
		4E575EF22AC1826300383AAD /* IweatherUITestsLaunchTests.swift in Sources */ = {isa = PBXBuildFile; fileRef = 4E575EF12AC1826300383AAD /* IweatherUITestsLaunchTests.swift */; };
		4E575F012AC183ED00383AAD /* MainViewController.swift in Sources */ = {isa = PBXBuildFile; fileRef = 4E575F002AC183ED00383AAD /* MainViewController.swift */; };
		4E575F032AC183F800383AAD /* WeatherViewController.swift in Sources */ = {isa = PBXBuildFile; fileRef = 4E575F022AC183F800383AAD /* WeatherViewController.swift */; };
		4E575F052AC1840E00383AAD /* DailyImageViewController.swift in Sources */ = {isa = PBXBuildFile; fileRef = 4E575F042AC1840E00383AAD /* DailyImageViewController.swift */; };
		4E575F092AC1855900383AAD /* TabBarControlelr.swift in Sources */ = {isa = PBXBuildFile; fileRef = 4E575F082AC1855900383AAD /* TabBarControlelr.swift */; };
		4E575F0C2AC2810C00383AAD /* Moya in Frameworks */ = {isa = PBXBuildFile; productRef = 4E575F0B2AC2810C00383AAD /* Moya */; };
		4E575F102AC283D600383AAD /* WeatherApi.swift in Sources */ = {isa = PBXBuildFile; fileRef = 4E575F0F2AC283D600383AAD /* WeatherApi.swift */; };
		4E575F172AC2C11700383AAD /* SnapKit in Frameworks */ = {isa = PBXBuildFile; productRef = 4E575F162AC2C11700383AAD /* SnapKit */; };
		4E575F192AC2F56E00383AAD /* WeatherManager.swift in Sources */ = {isa = PBXBuildFile; fileRef = 4E575F182AC2F56E00383AAD /* WeatherManager.swift */; };
		4EF566BA2AC9303900D69CDC /* WeatherTableViewCell.swift in Sources */ = {isa = PBXBuildFile; fileRef = 4EF566B92AC9303900D69CDC /* WeatherTableViewCell.swift */; };
		4EF566BC2AC9346300D69CDC /* WeatherData.swift in Sources */ = {isa = PBXBuildFile; fileRef = 4EF566BB2AC9346300D69CDC /* WeatherData.swift */; };
		6BC007482AC26940005E544F /* MapView.swift in Sources */ = {isa = PBXBuildFile; fileRef = 6BC007472AC26940005E544F /* MapView.swift */; };
		6BC0074B2AC2B78E005E544F /* AddressDecoder.swift in Sources */ = {isa = PBXBuildFile; fileRef = 6BC0074A2AC2B78E005E544F /* AddressDecoder.swift */; };
		6BC0074F2AC41A2A005E544F /* Geocode.swift in Sources */ = {isa = PBXBuildFile; fileRef = 6BC0074E2AC41A2A005E544F /* Geocode.swift */; };
		6BC007512AC41AA8005E544F /* RouteData.swift in Sources */ = {isa = PBXBuildFile; fileRef = 6BC007502AC41AA8005E544F /* RouteData.swift */; };
		7F2389D52AC3FD890053A262 /* MapViewController.swift in Sources */ = {isa = PBXBuildFile; fileRef = 7F2389D42AC3FD890053A262 /* MapViewController.swift */; };
		F0911BEF2AC401CF0071E5C5 /* RecommandViewController.swift in Sources */ = {isa = PBXBuildFile; fileRef = F0911BEE2AC401CF0071E5C5 /* RecommandViewController.swift */; };
/* End PBXBuildFile section */

/* Begin PBXContainerItemProxy section */
		4E575EE22AC1826300383AAD /* PBXContainerItemProxy */ = {
			isa = PBXContainerItemProxy;
			containerPortal = 4E575EC02AC1826100383AAD /* Project object */;
			proxyType = 1;
			remoteGlobalIDString = 4E575EC72AC1826100383AAD;
			remoteInfo = Iweather;
		};
		4E575EEC2AC1826300383AAD /* PBXContainerItemProxy */ = {
			isa = PBXContainerItemProxy;
			containerPortal = 4E575EC02AC1826100383AAD /* Project object */;
			proxyType = 1;
			remoteGlobalIDString = 4E575EC72AC1826100383AAD;
			remoteInfo = Iweather;
		};
/* End PBXContainerItemProxy section */

/* Begin PBXFileReference section */
		4E575EC82AC1826100383AAD /* Iweather.app */ = {isa = PBXFileReference; explicitFileType = wrapper.application; includeInIndex = 0; path = Iweather.app; sourceTree = BUILT_PRODUCTS_DIR; };
		4E575ECB2AC1826100383AAD /* AppDelegate.swift */ = {isa = PBXFileReference; lastKnownFileType = sourcecode.swift; path = AppDelegate.swift; sourceTree = "<group>"; };
		4E575ECD2AC1826100383AAD /* SceneDelegate.swift */ = {isa = PBXFileReference; lastKnownFileType = sourcecode.swift; path = SceneDelegate.swift; sourceTree = "<group>"; };
		4E575ED52AC1826100383AAD /* Iweather.xcdatamodel */ = {isa = PBXFileReference; lastKnownFileType = wrapper.xcdatamodel; path = Iweather.xcdatamodel; sourceTree = "<group>"; };
		4E575ED72AC1826200383AAD /* Assets.xcassets */ = {isa = PBXFileReference; lastKnownFileType = folder.assetcatalog; path = Assets.xcassets; sourceTree = "<group>"; };
		4E575EDA2AC1826200383AAD /* Base */ = {isa = PBXFileReference; lastKnownFileType = file.storyboard; name = Base; path = Base.lproj/LaunchScreen.storyboard; sourceTree = "<group>"; };
		4E575EDC2AC1826200383AAD /* Info.plist */ = {isa = PBXFileReference; lastKnownFileType = text.plist.xml; path = Info.plist; sourceTree = "<group>"; };
		4E575EE12AC1826300383AAD /* IweatherTests.xctest */ = {isa = PBXFileReference; explicitFileType = wrapper.cfbundle; includeInIndex = 0; path = IweatherTests.xctest; sourceTree = BUILT_PRODUCTS_DIR; };
		4E575EE52AC1826300383AAD /* IweatherTests.swift */ = {isa = PBXFileReference; lastKnownFileType = sourcecode.swift; path = IweatherTests.swift; sourceTree = "<group>"; };
		4E575EEB2AC1826300383AAD /* IweatherUITests.xctest */ = {isa = PBXFileReference; explicitFileType = wrapper.cfbundle; includeInIndex = 0; path = IweatherUITests.xctest; sourceTree = BUILT_PRODUCTS_DIR; };
		4E575EEF2AC1826300383AAD /* IweatherUITests.swift */ = {isa = PBXFileReference; lastKnownFileType = sourcecode.swift; path = IweatherUITests.swift; sourceTree = "<group>"; };
		4E575EF12AC1826300383AAD /* IweatherUITestsLaunchTests.swift */ = {isa = PBXFileReference; lastKnownFileType = sourcecode.swift; path = IweatherUITestsLaunchTests.swift; sourceTree = "<group>"; };
		4E575F002AC183ED00383AAD /* MainViewController.swift */ = {isa = PBXFileReference; lastKnownFileType = sourcecode.swift; path = MainViewController.swift; sourceTree = "<group>"; };
		4E575F022AC183F800383AAD /* WeatherViewController.swift */ = {isa = PBXFileReference; lastKnownFileType = sourcecode.swift; path = WeatherViewController.swift; sourceTree = "<group>"; };
		4E575F042AC1840E00383AAD /* DailyImageViewController.swift */ = {isa = PBXFileReference; lastKnownFileType = sourcecode.swift; path = DailyImageViewController.swift; sourceTree = "<group>"; };
		4E575F082AC1855900383AAD /* TabBarControlelr.swift */ = {isa = PBXFileReference; lastKnownFileType = sourcecode.swift; path = TabBarControlelr.swift; sourceTree = "<group>"; };
		4E575F0F2AC283D600383AAD /* WeatherApi.swift */ = {isa = PBXFileReference; lastKnownFileType = sourcecode.swift; path = WeatherApi.swift; sourceTree = "<group>"; };
		4E575F182AC2F56E00383AAD /* WeatherManager.swift */ = {isa = PBXFileReference; lastKnownFileType = sourcecode.swift; path = WeatherManager.swift; sourceTree = "<group>"; };
		4EF566B92AC9303900D69CDC /* WeatherTableViewCell.swift */ = {isa = PBXFileReference; lastKnownFileType = sourcecode.swift; path = WeatherTableViewCell.swift; sourceTree = "<group>"; };
		4EF566BB2AC9346300D69CDC /* WeatherData.swift */ = {isa = PBXFileReference; lastKnownFileType = sourcecode.swift; path = WeatherData.swift; sourceTree = "<group>"; };
		6BC007472AC26940005E544F /* MapView.swift */ = {isa = PBXFileReference; lastKnownFileType = sourcecode.swift; path = MapView.swift; sourceTree = "<group>"; };
		6BC0074A2AC2B78E005E544F /* AddressDecoder.swift */ = {isa = PBXFileReference; lastKnownFileType = sourcecode.swift; path = AddressDecoder.swift; sourceTree = "<group>"; };
		6BC0074E2AC41A2A005E544F /* Geocode.swift */ = {isa = PBXFileReference; lastKnownFileType = sourcecode.swift; path = Geocode.swift; sourceTree = "<group>"; };
		6BC007502AC41AA8005E544F /* RouteData.swift */ = {isa = PBXFileReference; lastKnownFileType = sourcecode.swift; path = RouteData.swift; sourceTree = "<group>"; };
		7F2389D42AC3FD890053A262 /* MapViewController.swift */ = {isa = PBXFileReference; lastKnownFileType = sourcecode.swift; path = MapViewController.swift; sourceTree = "<group>"; };
		F0911BEE2AC401CF0071E5C5 /* RecommandViewController.swift */ = {isa = PBXFileReference; lastKnownFileType = sourcecode.swift; path = RecommandViewController.swift; sourceTree = "<group>"; };
/* End PBXFileReference section */

/* Begin PBXFrameworksBuildPhase section */
		4E575EC52AC1826100383AAD /* Frameworks */ = {
			isa = PBXFrameworksBuildPhase;
			buildActionMask = 2147483647;
			files = (
				4E575F0C2AC2810C00383AAD /* Moya in Frameworks */,
				4E575F172AC2C11700383AAD /* SnapKit in Frameworks */,
			);
			runOnlyForDeploymentPostprocessing = 0;
		};
		4E575EDE2AC1826300383AAD /* Frameworks */ = {
			isa = PBXFrameworksBuildPhase;
			buildActionMask = 2147483647;
			files = (
			);
			runOnlyForDeploymentPostprocessing = 0;
		};
		4E575EE82AC1826300383AAD /* Frameworks */ = {
			isa = PBXFrameworksBuildPhase;
			buildActionMask = 2147483647;
			files = (
			);
			runOnlyForDeploymentPostprocessing = 0;
		};
/* End PBXFrameworksBuildPhase section */

/* Begin PBXGroup section */
		4E575EBF2AC1826100383AAD = {
			isa = PBXGroup;
			children = (
				4E575ECA2AC1826100383AAD /* Iweather */,
				4E575EE42AC1826300383AAD /* IweatherTests */,
				4E575EEE2AC1826300383AAD /* IweatherUITests */,
				4E575EC92AC1826100383AAD /* Products */,
			);
			sourceTree = "<group>";
		};
		4E575EC92AC1826100383AAD /* Products */ = {
			isa = PBXGroup;
			children = (
				4E575EC82AC1826100383AAD /* Iweather.app */,
				4E575EE12AC1826300383AAD /* IweatherTests.xctest */,
				4E575EEB2AC1826300383AAD /* IweatherUITests.xctest */,
			);
			name = Products;
			sourceTree = "<group>";
		};
		4E575ECA2AC1826100383AAD /* Iweather */ = {
			isa = PBXGroup;
			children = (
				4E575ECB2AC1826100383AAD /* AppDelegate.swift */,
				4E575F082AC1855900383AAD /* TabBarControlelr.swift */,
				4E575ECD2AC1826100383AAD /* SceneDelegate.swift */,
				6BC007492AC2B2FF005E544F /* Service */,
				6BC007462AC20C14005E544F /* View */,
				6BC007532AC465FA005E544F /* ViewModel */,
				6BC0074D2AC41A03005E544F /* Model */,
				4E575ED72AC1826200383AAD /* Assets.xcassets */,
				4E575ED92AC1826200383AAD /* LaunchScreen.storyboard */,
				4E575EDC2AC1826200383AAD /* Info.plist */,
				4E575ED42AC1826100383AAD /* Iweather.xcdatamodeld */,
			);
			path = Iweather;
			sourceTree = "<group>";
		};
		4E575EE42AC1826300383AAD /* IweatherTests */ = {
			isa = PBXGroup;
			children = (
				4E575EE52AC1826300383AAD /* IweatherTests.swift */,
			);
			path = IweatherTests;
			sourceTree = "<group>";
		};
		4E575EEE2AC1826300383AAD /* IweatherUITests */ = {
			isa = PBXGroup;
			children = (
				4E575EEF2AC1826300383AAD /* IweatherUITests.swift */,
				4E575EF12AC1826300383AAD /* IweatherUITestsLaunchTests.swift */,
			);
			path = IweatherUITests;
			sourceTree = "<group>";
		};
		6BC007462AC20C14005E544F /* View */ = {
			isa = PBXGroup;
			children = (
				4E575F042AC1840E00383AAD /* DailyImageViewController.swift */,
				4E575F022AC183F800383AAD /* WeatherViewController.swift */,
				4E575F002AC183ED00383AAD /* MainViewController.swift */,
				7F2389D42AC3FD890053A262 /* MapViewController.swift */,
				F0911BEE2AC401CF0071E5C5 /* RecommandViewController.swift */,
				6BC007522AC4650E005E544F /* UIViewItem */,
			);
			path = View;
			sourceTree = "<group>";
		};
		6BC007492AC2B2FF005E544F /* Service */ = {
			isa = PBXGroup;
			children = (
				6BC0074A2AC2B78E005E544F /* AddressDecoder.swift */,
			);
			path = Service;
			sourceTree = "<group>";
		};
		6BC0074D2AC41A03005E544F /* Model */ = {
			isa = PBXGroup;
			children = (
				4E575F182AC2F56E00383AAD /* WeatherManager.swift */,
				4EF566BB2AC9346300D69CDC /* WeatherData.swift */,
				4EF566B92AC9303900D69CDC /* WeatherTableViewCell.swift */,
				6BC0074E2AC41A2A005E544F /* Geocode.swift */,
				6BC007502AC41AA8005E544F /* RouteData.swift */,
			);
			path = Model;
			sourceTree = "<group>";
		};
		6BC007522AC4650E005E544F /* UIViewItem */ = {
			isa = PBXGroup;
			children = (
				6BC007472AC26940005E544F /* MapView.swift */,
			);
			path = UIViewItem;
			sourceTree = "<group>";
		};
		6BC007532AC465FA005E544F /* ViewModel */ = {
			isa = PBXGroup;
			children = (
				4E575F0F2AC283D600383AAD /* WeatherApi.swift */,
			);
			path = ViewModel;
			sourceTree = "<group>";
		};
/* End PBXGroup section */

/* Begin PBXNativeTarget section */
		4E575EC72AC1826100383AAD /* Iweather */ = {
			isa = PBXNativeTarget;
			buildConfigurationList = 4E575EF52AC1826300383AAD /* Build configuration list for PBXNativeTarget "Iweather" */;
			buildPhases = (
				4E575EC42AC1826100383AAD /* Sources */,
				4E575EC52AC1826100383AAD /* Frameworks */,
				4E575EC62AC1826100383AAD /* Resources */,
			);
			buildRules = (
			);
			dependencies = (
			);
			name = Iweather;
			packageProductDependencies = (
				4E575F0B2AC2810C00383AAD /* Moya */,
				4E575F162AC2C11700383AAD /* SnapKit */,
			);
			productName = Iweather;
			productReference = 4E575EC82AC1826100383AAD /* Iweather.app */;
			productType = "com.apple.product-type.application";
		};
		4E575EE02AC1826300383AAD /* IweatherTests */ = {
			isa = PBXNativeTarget;
			buildConfigurationList = 4E575EF82AC1826300383AAD /* Build configuration list for PBXNativeTarget "IweatherTests" */;
			buildPhases = (
				4E575EDD2AC1826300383AAD /* Sources */,
				4E575EDE2AC1826300383AAD /* Frameworks */,
				4E575EDF2AC1826300383AAD /* Resources */,
			);
			buildRules = (
			);
			dependencies = (
				4E575EE32AC1826300383AAD /* PBXTargetDependency */,
			);
			name = IweatherTests;
			productName = IweatherTests;
			productReference = 4E575EE12AC1826300383AAD /* IweatherTests.xctest */;
			productType = "com.apple.product-type.bundle.unit-test";
		};
		4E575EEA2AC1826300383AAD /* IweatherUITests */ = {
			isa = PBXNativeTarget;
			buildConfigurationList = 4E575EFB2AC1826300383AAD /* Build configuration list for PBXNativeTarget "IweatherUITests" */;
			buildPhases = (
				4E575EE72AC1826300383AAD /* Sources */,
				4E575EE82AC1826300383AAD /* Frameworks */,
				4E575EE92AC1826300383AAD /* Resources */,
			);
			buildRules = (
			);
			dependencies = (
				4E575EED2AC1826300383AAD /* PBXTargetDependency */,
			);
			name = IweatherUITests;
			productName = IweatherUITests;
			productReference = 4E575EEB2AC1826300383AAD /* IweatherUITests.xctest */;
			productType = "com.apple.product-type.bundle.ui-testing";
		};
/* End PBXNativeTarget section */

/* Begin PBXProject section */
		4E575EC02AC1826100383AAD /* Project object */ = {
			isa = PBXProject;
			attributes = {
				BuildIndependentTargetsInParallel = 1;
				LastSwiftUpdateCheck = 1430;
				LastUpgradeCheck = 1430;
				TargetAttributes = {
					4E575EC72AC1826100383AAD = {
						CreatedOnToolsVersion = 14.3.1;
					};
					4E575EE02AC1826300383AAD = {
						CreatedOnToolsVersion = 14.3.1;
						TestTargetID = 4E575EC72AC1826100383AAD;
					};
					4E575EEA2AC1826300383AAD = {
						CreatedOnToolsVersion = 14.3.1;
						TestTargetID = 4E575EC72AC1826100383AAD;
					};
				};
			};
			buildConfigurationList = 4E575EC32AC1826100383AAD /* Build configuration list for PBXProject "Iweather" */;
			compatibilityVersion = "Xcode 14.0";
			developmentRegion = en;
			hasScannedForEncodings = 0;
			knownRegions = (
				en,
				Base,
			);
			mainGroup = 4E575EBF2AC1826100383AAD;
			packageReferences = (
				4E575F0A2AC2810C00383AAD /* XCRemoteSwiftPackageReference "Moya" */,
				4E575F152AC2C11700383AAD /* XCRemoteSwiftPackageReference "SnapKit" */,
			);
			productRefGroup = 4E575EC92AC1826100383AAD /* Products */;
			projectDirPath = "";
			projectRoot = "";
			targets = (
				4E575EC72AC1826100383AAD /* Iweather */,
				4E575EE02AC1826300383AAD /* IweatherTests */,
				4E575EEA2AC1826300383AAD /* IweatherUITests */,
			);
		};
/* End PBXProject section */

/* Begin PBXResourcesBuildPhase section */
		4E575EC62AC1826100383AAD /* Resources */ = {
			isa = PBXResourcesBuildPhase;
			buildActionMask = 2147483647;
			files = (
				4E575EDB2AC1826200383AAD /* LaunchScreen.storyboard in Resources */,
				4E575ED82AC1826200383AAD /* Assets.xcassets in Resources */,
			);
			runOnlyForDeploymentPostprocessing = 0;
		};
		4E575EDF2AC1826300383AAD /* Resources */ = {
			isa = PBXResourcesBuildPhase;
			buildActionMask = 2147483647;
			files = (
			);
			runOnlyForDeploymentPostprocessing = 0;
		};
		4E575EE92AC1826300383AAD /* Resources */ = {
			isa = PBXResourcesBuildPhase;
			buildActionMask = 2147483647;
			files = (
			);
			runOnlyForDeploymentPostprocessing = 0;
		};
/* End PBXResourcesBuildPhase section */

/* Begin PBXSourcesBuildPhase section */
		4E575EC42AC1826100383AAD /* Sources */ = {
			isa = PBXSourcesBuildPhase;
			buildActionMask = 2147483647;
			files = (
				4E575ECC2AC1826100383AAD /* AppDelegate.swift in Sources */,
				4E575F012AC183ED00383AAD /* MainViewController.swift in Sources */,
				4E575F032AC183F800383AAD /* WeatherViewController.swift in Sources */,
				6BC007482AC26940005E544F /* MapView.swift in Sources */,
				4E575ED62AC1826100383AAD /* Iweather.xcdatamodeld in Sources */,
				F0911BEF2AC401CF0071E5C5 /* RecommandViewController.swift in Sources */,
				7F2389D52AC3FD890053A262 /* MapViewController.swift in Sources */,
				4E575F192AC2F56E00383AAD /* WeatherManager.swift in Sources */,
				4EF566BA2AC9303900D69CDC /* WeatherTableViewCell.swift in Sources */,
				6BC007512AC41AA8005E544F /* RouteData.swift in Sources */,
				4E575F102AC283D600383AAD /* WeatherApi.swift in Sources */,
				4E575F052AC1840E00383AAD /* DailyImageViewController.swift in Sources */,
				6BC0074F2AC41A2A005E544F /* Geocode.swift in Sources */,
				4EF566BC2AC9346300D69CDC /* WeatherData.swift in Sources */,
				6BC0074B2AC2B78E005E544F /* AddressDecoder.swift in Sources */,
				4E575ECE2AC1826100383AAD /* SceneDelegate.swift in Sources */,
				4E575F092AC1855900383AAD /* TabBarControlelr.swift in Sources */,
			);
			runOnlyForDeploymentPostprocessing = 0;
		};
		4E575EDD2AC1826300383AAD /* Sources */ = {
			isa = PBXSourcesBuildPhase;
			buildActionMask = 2147483647;
			files = (
				4E575EE62AC1826300383AAD /* IweatherTests.swift in Sources */,
			);
			runOnlyForDeploymentPostprocessing = 0;
		};
		4E575EE72AC1826300383AAD /* Sources */ = {
			isa = PBXSourcesBuildPhase;
			buildActionMask = 2147483647;
			files = (
				4E575EF22AC1826300383AAD /* IweatherUITestsLaunchTests.swift in Sources */,
				4E575EF02AC1826300383AAD /* IweatherUITests.swift in Sources */,
			);
			runOnlyForDeploymentPostprocessing = 0;
		};
/* End PBXSourcesBuildPhase section */

/* Begin PBXTargetDependency section */
		4E575EE32AC1826300383AAD /* PBXTargetDependency */ = {
			isa = PBXTargetDependency;
			target = 4E575EC72AC1826100383AAD /* Iweather */;
			targetProxy = 4E575EE22AC1826300383AAD /* PBXContainerItemProxy */;
		};
		4E575EED2AC1826300383AAD /* PBXTargetDependency */ = {
			isa = PBXTargetDependency;
			target = 4E575EC72AC1826100383AAD /* Iweather */;
			targetProxy = 4E575EEC2AC1826300383AAD /* PBXContainerItemProxy */;
		};
/* End PBXTargetDependency section */

/* Begin PBXVariantGroup section */
		4E575ED92AC1826200383AAD /* LaunchScreen.storyboard */ = {
			isa = PBXVariantGroup;
			children = (
				4E575EDA2AC1826200383AAD /* Base */,
			);
			name = LaunchScreen.storyboard;
			sourceTree = "<group>";
		};
/* End PBXVariantGroup section */

/* Begin XCBuildConfiguration section */
		4E575EF32AC1826300383AAD /* Debug */ = {
			isa = XCBuildConfiguration;
			buildSettings = {
				ALWAYS_SEARCH_USER_PATHS = NO;
				CLANG_ANALYZER_NONNULL = YES;
				CLANG_ANALYZER_NUMBER_OBJECT_CONVERSION = YES_AGGRESSIVE;
				CLANG_CXX_LANGUAGE_STANDARD = "gnu++20";
				CLANG_ENABLE_MODULES = YES;
				CLANG_ENABLE_OBJC_ARC = YES;
				CLANG_ENABLE_OBJC_WEAK = YES;
				CLANG_WARN_BLOCK_CAPTURE_AUTORELEASING = YES;
				CLANG_WARN_BOOL_CONVERSION = YES;
				CLANG_WARN_COMMA = YES;
				CLANG_WARN_CONSTANT_CONVERSION = YES;
				CLANG_WARN_DEPRECATED_OBJC_IMPLEMENTATIONS = YES;
				CLANG_WARN_DIRECT_OBJC_ISA_USAGE = YES_ERROR;
				CLANG_WARN_DOCUMENTATION_COMMENTS = YES;
				CLANG_WARN_EMPTY_BODY = YES;
				CLANG_WARN_ENUM_CONVERSION = YES;
				CLANG_WARN_INFINITE_RECURSION = YES;
				CLANG_WARN_INT_CONVERSION = YES;
				CLANG_WARN_NON_LITERAL_NULL_CONVERSION = YES;
				CLANG_WARN_OBJC_IMPLICIT_RETAIN_SELF = YES;
				CLANG_WARN_OBJC_LITERAL_CONVERSION = YES;
				CLANG_WARN_OBJC_ROOT_CLASS = YES_ERROR;
				CLANG_WARN_QUOTED_INCLUDE_IN_FRAMEWORK_HEADER = YES;
				CLANG_WARN_RANGE_LOOP_ANALYSIS = YES;
				CLANG_WARN_STRICT_PROTOTYPES = YES;
				CLANG_WARN_SUSPICIOUS_MOVE = YES;
				CLANG_WARN_UNGUARDED_AVAILABILITY = YES_AGGRESSIVE;
				CLANG_WARN_UNREACHABLE_CODE = YES;
				CLANG_WARN__DUPLICATE_METHOD_MATCH = YES;
				COPY_PHASE_STRIP = NO;
				DEBUG_INFORMATION_FORMAT = dwarf;
				ENABLE_STRICT_OBJC_MSGSEND = YES;
				ENABLE_TESTABILITY = YES;
				GCC_C_LANGUAGE_STANDARD = gnu11;
				GCC_DYNAMIC_NO_PIC = NO;
				GCC_NO_COMMON_BLOCKS = YES;
				GCC_OPTIMIZATION_LEVEL = 0;
				GCC_PREPROCESSOR_DEFINITIONS = (
					"DEBUG=1",
					"$(inherited)",
				);
				GCC_WARN_64_TO_32_BIT_CONVERSION = YES;
				GCC_WARN_ABOUT_RETURN_TYPE = YES_ERROR;
				GCC_WARN_UNDECLARED_SELECTOR = YES;
				GCC_WARN_UNINITIALIZED_AUTOS = YES_AGGRESSIVE;
				GCC_WARN_UNUSED_FUNCTION = YES;
				GCC_WARN_UNUSED_VARIABLE = YES;
				IPHONEOS_DEPLOYMENT_TARGET = 16.4;
				MTL_ENABLE_DEBUG_INFO = INCLUDE_SOURCE;
				MTL_FAST_MATH = YES;
				ONLY_ACTIVE_ARCH = YES;
				SDKROOT = iphoneos;
				SWIFT_ACTIVE_COMPILATION_CONDITIONS = DEBUG;
				SWIFT_OPTIMIZATION_LEVEL = "-Onone";
			};
			name = Debug;
		};
		4E575EF42AC1826300383AAD /* Release */ = {
			isa = XCBuildConfiguration;
			buildSettings = {
				ALWAYS_SEARCH_USER_PATHS = NO;
				CLANG_ANALYZER_NONNULL = YES;
				CLANG_ANALYZER_NUMBER_OBJECT_CONVERSION = YES_AGGRESSIVE;
				CLANG_CXX_LANGUAGE_STANDARD = "gnu++20";
				CLANG_ENABLE_MODULES = YES;
				CLANG_ENABLE_OBJC_ARC = YES;
				CLANG_ENABLE_OBJC_WEAK = YES;
				CLANG_WARN_BLOCK_CAPTURE_AUTORELEASING = YES;
				CLANG_WARN_BOOL_CONVERSION = YES;
				CLANG_WARN_COMMA = YES;
				CLANG_WARN_CONSTANT_CONVERSION = YES;
				CLANG_WARN_DEPRECATED_OBJC_IMPLEMENTATIONS = YES;
				CLANG_WARN_DIRECT_OBJC_ISA_USAGE = YES_ERROR;
				CLANG_WARN_DOCUMENTATION_COMMENTS = YES;
				CLANG_WARN_EMPTY_BODY = YES;
				CLANG_WARN_ENUM_CONVERSION = YES;
				CLANG_WARN_INFINITE_RECURSION = YES;
				CLANG_WARN_INT_CONVERSION = YES;
				CLANG_WARN_NON_LITERAL_NULL_CONVERSION = YES;
				CLANG_WARN_OBJC_IMPLICIT_RETAIN_SELF = YES;
				CLANG_WARN_OBJC_LITERAL_CONVERSION = YES;
				CLANG_WARN_OBJC_ROOT_CLASS = YES_ERROR;
				CLANG_WARN_QUOTED_INCLUDE_IN_FRAMEWORK_HEADER = YES;
				CLANG_WARN_RANGE_LOOP_ANALYSIS = YES;
				CLANG_WARN_STRICT_PROTOTYPES = YES;
				CLANG_WARN_SUSPICIOUS_MOVE = YES;
				CLANG_WARN_UNGUARDED_AVAILABILITY = YES_AGGRESSIVE;
				CLANG_WARN_UNREACHABLE_CODE = YES;
				CLANG_WARN__DUPLICATE_METHOD_MATCH = YES;
				COPY_PHASE_STRIP = NO;
				DEBUG_INFORMATION_FORMAT = "dwarf-with-dsym";
				ENABLE_NS_ASSERTIONS = NO;
				ENABLE_STRICT_OBJC_MSGSEND = YES;
				GCC_C_LANGUAGE_STANDARD = gnu11;
				GCC_NO_COMMON_BLOCKS = YES;
				GCC_WARN_64_TO_32_BIT_CONVERSION = YES;
				GCC_WARN_ABOUT_RETURN_TYPE = YES_ERROR;
				GCC_WARN_UNDECLARED_SELECTOR = YES;
				GCC_WARN_UNINITIALIZED_AUTOS = YES_AGGRESSIVE;
				GCC_WARN_UNUSED_FUNCTION = YES;
				GCC_WARN_UNUSED_VARIABLE = YES;
				IPHONEOS_DEPLOYMENT_TARGET = 16.4;
				MTL_ENABLE_DEBUG_INFO = NO;
				MTL_FAST_MATH = YES;
				SDKROOT = iphoneos;
				SWIFT_COMPILATION_MODE = wholemodule;
				SWIFT_OPTIMIZATION_LEVEL = "-O";
				VALIDATE_PRODUCT = YES;
			};
			name = Release;
		};
		4E575EF62AC1826300383AAD /* Debug */ = {
			isa = XCBuildConfiguration;
			buildSettings = {
				ASSETCATALOG_COMPILER_APPICON_NAME = AppIcon;
				ASSETCATALOG_COMPILER_GLOBAL_ACCENT_COLOR_NAME = AccentColor;
				CODE_SIGN_STYLE = Automatic;
				CURRENT_PROJECT_VERSION = 1;
				GENERATE_INFOPLIST_FILE = YES;
				INFOPLIST_FILE = Iweather/Info.plist;
				INFOPLIST_KEY_UIApplicationSupportsIndirectInputEvents = YES;
				INFOPLIST_KEY_UILaunchStoryboardName = LaunchScreen;
				INFOPLIST_KEY_UISupportedInterfaceOrientations_iPad = "UIInterfaceOrientationPortrait UIInterfaceOrientationPortraitUpsideDown UIInterfaceOrientationLandscapeLeft UIInterfaceOrientationLandscapeRight";
				INFOPLIST_KEY_UISupportedInterfaceOrientations_iPhone = "UIInterfaceOrientationPortrait UIInterfaceOrientationLandscapeLeft UIInterfaceOrientationLandscapeRight";
				LD_RUNPATH_SEARCH_PATHS = (
					"$(inherited)",
					"@executable_path/Frameworks",
				);
				MARKETING_VERSION = 1.0;
				PRODUCT_BUNDLE_IDENTIFIER = "https---github.com-zzangzzangguy.Iweather";
				PRODUCT_NAME = "$(TARGET_NAME)";
				SWIFT_EMIT_LOC_STRINGS = YES;
				SWIFT_VERSION = 5.0;
				TARGETED_DEVICE_FAMILY = "1,2";
			};
			name = Debug;
		};
		4E575EF72AC1826300383AAD /* Release */ = {
			isa = XCBuildConfiguration;
			buildSettings = {
				ASSETCATALOG_COMPILER_APPICON_NAME = AppIcon;
				ASSETCATALOG_COMPILER_GLOBAL_ACCENT_COLOR_NAME = AccentColor;
				CODE_SIGN_STYLE = Automatic;
				CURRENT_PROJECT_VERSION = 1;
				GENERATE_INFOPLIST_FILE = YES;
				INFOPLIST_FILE = Iweather/Info.plist;
				INFOPLIST_KEY_UIApplicationSupportsIndirectInputEvents = YES;
				INFOPLIST_KEY_UILaunchStoryboardName = LaunchScreen;
				INFOPLIST_KEY_UISupportedInterfaceOrientations_iPad = "UIInterfaceOrientationPortrait UIInterfaceOrientationPortraitUpsideDown UIInterfaceOrientationLandscapeLeft UIInterfaceOrientationLandscapeRight";
				INFOPLIST_KEY_UISupportedInterfaceOrientations_iPhone = "UIInterfaceOrientationPortrait UIInterfaceOrientationLandscapeLeft UIInterfaceOrientationLandscapeRight";
				LD_RUNPATH_SEARCH_PATHS = (
					"$(inherited)",
					"@executable_path/Frameworks",
				);
				MARKETING_VERSION = 1.0;
				PRODUCT_BUNDLE_IDENTIFIER = "https---github.com-zzangzzangguy.Iweather";
				PRODUCT_NAME = "$(TARGET_NAME)";
				SWIFT_EMIT_LOC_STRINGS = YES;
				SWIFT_VERSION = 5.0;
				TARGETED_DEVICE_FAMILY = "1,2";
			};
			name = Release;
		};
		4E575EF92AC1826300383AAD /* Debug */ = {
			isa = XCBuildConfiguration;
			buildSettings = {
				ALWAYS_EMBED_SWIFT_STANDARD_LIBRARIES = YES;
				BUNDLE_LOADER = "$(TEST_HOST)";
				CODE_SIGN_STYLE = Automatic;
				CURRENT_PROJECT_VERSION = 1;
				GENERATE_INFOPLIST_FILE = YES;
				IPHONEOS_DEPLOYMENT_TARGET = 16.4;
				MARKETING_VERSION = 1.0;
				PRODUCT_BUNDLE_IDENTIFIER = "https---github.com-zzangzzangguy.IweatherTests";
				PRODUCT_NAME = "$(TARGET_NAME)";
				SWIFT_EMIT_LOC_STRINGS = NO;
				SWIFT_VERSION = 5.0;
				TARGETED_DEVICE_FAMILY = "1,2";
				TEST_HOST = "$(BUILT_PRODUCTS_DIR)/Iweather.app/$(BUNDLE_EXECUTABLE_FOLDER_PATH)/Iweather";
			};
			name = Debug;
		};
		4E575EFA2AC1826300383AAD /* Release */ = {
			isa = XCBuildConfiguration;
			buildSettings = {
				ALWAYS_EMBED_SWIFT_STANDARD_LIBRARIES = YES;
				BUNDLE_LOADER = "$(TEST_HOST)";
				CODE_SIGN_STYLE = Automatic;
				CURRENT_PROJECT_VERSION = 1;
				GENERATE_INFOPLIST_FILE = YES;
				IPHONEOS_DEPLOYMENT_TARGET = 16.4;
				MARKETING_VERSION = 1.0;
				PRODUCT_BUNDLE_IDENTIFIER = "https---github.com-zzangzzangguy.IweatherTests";
				PRODUCT_NAME = "$(TARGET_NAME)";
				SWIFT_EMIT_LOC_STRINGS = NO;
				SWIFT_VERSION = 5.0;
				TARGETED_DEVICE_FAMILY = "1,2";
				TEST_HOST = "$(BUILT_PRODUCTS_DIR)/Iweather.app/$(BUNDLE_EXECUTABLE_FOLDER_PATH)/Iweather";
			};
			name = Release;
		};
		4E575EFC2AC1826300383AAD /* Debug */ = {
			isa = XCBuildConfiguration;
			buildSettings = {
				ALWAYS_EMBED_SWIFT_STANDARD_LIBRARIES = YES;
				CODE_SIGN_STYLE = Automatic;
				CURRENT_PROJECT_VERSION = 1;
				GENERATE_INFOPLIST_FILE = YES;
				MARKETING_VERSION = 1.0;
				PRODUCT_BUNDLE_IDENTIFIER = "https---github.com-zzangzzangguy.IweatherUITests";
				PRODUCT_NAME = "$(TARGET_NAME)";
				SWIFT_EMIT_LOC_STRINGS = NO;
				SWIFT_VERSION = 5.0;
				TARGETED_DEVICE_FAMILY = "1,2";
				TEST_TARGET_NAME = Iweather;
			};
			name = Debug;
		};
		4E575EFD2AC1826300383AAD /* Release */ = {
			isa = XCBuildConfiguration;
			buildSettings = {
				ALWAYS_EMBED_SWIFT_STANDARD_LIBRARIES = YES;
				CODE_SIGN_STYLE = Automatic;
				CURRENT_PROJECT_VERSION = 1;
				GENERATE_INFOPLIST_FILE = YES;
				MARKETING_VERSION = 1.0;
				PRODUCT_BUNDLE_IDENTIFIER = "https---github.com-zzangzzangguy.IweatherUITests";
				PRODUCT_NAME = "$(TARGET_NAME)";
				SWIFT_EMIT_LOC_STRINGS = NO;
				SWIFT_VERSION = 5.0;
				TARGETED_DEVICE_FAMILY = "1,2";
				TEST_TARGET_NAME = Iweather;
			};
			name = Release;
		};
/* End XCBuildConfiguration section */

/* Begin XCConfigurationList section */
		4E575EC32AC1826100383AAD /* Build configuration list for PBXProject "Iweather" */ = {
			isa = XCConfigurationList;
			buildConfigurations = (
				4E575EF32AC1826300383AAD /* Debug */,
				4E575EF42AC1826300383AAD /* Release */,
			);
			defaultConfigurationIsVisible = 0;
			defaultConfigurationName = Release;
		};
		4E575EF52AC1826300383AAD /* Build configuration list for PBXNativeTarget "Iweather" */ = {
			isa = XCConfigurationList;
			buildConfigurations = (
				4E575EF62AC1826300383AAD /* Debug */,
				4E575EF72AC1826300383AAD /* Release */,
			);
			defaultConfigurationIsVisible = 0;
			defaultConfigurationName = Release;
		};
		4E575EF82AC1826300383AAD /* Build configuration list for PBXNativeTarget "IweatherTests" */ = {
			isa = XCConfigurationList;
			buildConfigurations = (
				4E575EF92AC1826300383AAD /* Debug */,
				4E575EFA2AC1826300383AAD /* Release */,
			);
			defaultConfigurationIsVisible = 0;
			defaultConfigurationName = Release;
		};
		4E575EFB2AC1826300383AAD /* Build configuration list for PBXNativeTarget "IweatherUITests" */ = {
			isa = XCConfigurationList;
			buildConfigurations = (
				4E575EFC2AC1826300383AAD /* Debug */,
				4E575EFD2AC1826300383AAD /* Release */,
			);
			defaultConfigurationIsVisible = 0;
			defaultConfigurationName = Release;
		};
/* End XCConfigurationList section */

/* Begin XCRemoteSwiftPackageReference section */
		4E575F0A2AC2810C00383AAD /* XCRemoteSwiftPackageReference "Moya" */ = {
			isa = XCRemoteSwiftPackageReference;
			repositoryURL = "https://github.com/Moya/Moya.git";
			requirement = {
				kind = upToNextMajorVersion;
				minimumVersion = 15.0.0;
			};
		};
		4E575F152AC2C11700383AAD /* XCRemoteSwiftPackageReference "SnapKit" */ = {
			isa = XCRemoteSwiftPackageReference;
			repositoryURL = "https://github.com/SnapKit/SnapKit";
			requirement = {
				kind = upToNextMajorVersion;
				minimumVersion = 5.0.0;
			};
		};
/* End XCRemoteSwiftPackageReference section */

/* Begin XCSwiftPackageProductDependency section */
		4E575F0B2AC2810C00383AAD /* Moya */ = {
			isa = XCSwiftPackageProductDependency;
			package = 4E575F0A2AC2810C00383AAD /* XCRemoteSwiftPackageReference "Moya" */;
			productName = Moya;
		};
		4E575F162AC2C11700383AAD /* SnapKit */ = {
			isa = XCSwiftPackageProductDependency;
			package = 4E575F152AC2C11700383AAD /* XCRemoteSwiftPackageReference "SnapKit" */;
			productName = SnapKit;
		};
/* End XCSwiftPackageProductDependency section */

/* Begin XCVersionGroup section */
		4E575ED42AC1826100383AAD /* Iweather.xcdatamodeld */ = {
			isa = XCVersionGroup;
			children = (
				4E575ED52AC1826100383AAD /* Iweather.xcdatamodel */,
			);
			currentVersion = 4E575ED52AC1826100383AAD /* Iweather.xcdatamodel */;
			path = Iweather.xcdatamodeld;
			sourceTree = "<group>";
			versionGroupType = wrapper.xcdatamodel;
		};
/* End XCVersionGroup section */
	};
	rootObject = 4E575EC02AC1826100383AAD /* Project object */;
}
